
Microsoft Visual Studio Solution File, Format Version 12.00
# Visual Studio Version 16
VisualStudioVersion = 16.0.30523.141
MinimumVisualStudioVersion = 10.0.40219.1
Project("{FAE04EC0-301F-11D3-BF4B-00C04F79EFBC}") = "Examencomponente", "Examencomponente\Examencomponente.csproj", "{0345257C-50F6-470D-923D-398298E934ED}"
EndProject
Global
	GlobalSection(SolutionConfigurationPlatforms) = preSolution
		Debug|Any CPU = Debug|Any CPU
		Release|Any CPU = Release|Any CPU
	EndGlobalSection
	GlobalSection(ProjectConfigurationPlatforms) = postSolution
		{0345257C-50F6-470D-923D-398298E934ED}.Debug|Any CPU.ActiveCfg = Debug|Any CPU
		{0345257C-50F6-470D-923D-398298E934ED}.Debug|Any CPU.Build.0 = Debug|Any CPU
		{0345257C-50F6-470D-923D-398298E934ED}.Release|Any CPU.ActiveCfg = Release|Any CPU
		{0345257C-50F6-470D-923D-398298E934ED}.Release|Any CPU.Build.0 = Release|Any CPU
	EndGlobalSection
	GlobalSection(SolutionProperties) = preSolution
		HideSolutionNode = FALSE
	EndGlobalSection
	GlobalSection(ExtensibilityGlobals) = postSolution
		SolutionGuid = {3B2E805F-18EB-4DC4-A8F5-31E489A3D61A}
	EndGlobalSection
EndGlobal
